PODS:
  - Alamofire (4.7.3)
  - CocoaLumberjack/Default (3.3.0)
  - CocoaLumberjack/Swift (3.3.0):
    - CocoaLumberjack/Default
  - IDZSwiftCommonCrypto (0.10.0)
  - InputMask (3.0.0)
  - KeychainAccess (3.1.0)
  - LeadKit (0.6.7):
    - LeadKit/Core (= 0.6.7)
  - LeadKit/Core (0.6.7):
    - CocoaLumberjack/Swift (~> 3.3.0)
    - ObjectMapper (~> 3.0.0)
    - RxAlamofire (= 4.0.0)
    - RxCocoa (= 4.0.0)
    - RxSwift (= 4.0.0)
    - TableKit (~> 2.5.0)
    - UIScrollView-InfiniteScroll (~> 1.0.0)
  - ObjectMapper (3.0.0)
  - RxAlamofire (4.0.0):
    - RxAlamofire/Core (= 4.0.0)
  - RxAlamofire/Core (4.0.0):
    - Alamofire (~> 4.5)
    - RxSwift (~> 4.0)
  - RxCocoa (4.0.0):
    - RxSwift (~> 4.0)
  - RxSwift (4.0.0)
  - SwiftValidator (5.0.0)
  - TableKit (2.5.0)
  - UIScrollView-InfiniteScroll (1.0.2)

DEPENDENCIES:
  - IDZSwiftCommonCrypto
  - InputMask (= 3.0.0)
  - KeychainAccess (= 3.1.0)
  - LeadKit (from `https://github.com/procommerz/LeadKit`, branch `farmyBranchXcode10`)
  - SwiftValidator (= 5.0.0)

SPEC REPOS:
  https://github.com/cocoapods/specs.git:
    - Alamofire
    - CocoaLumberjack
    - IDZSwiftCommonCrypto
    - InputMask
    - KeychainAccess
    - ObjectMapper
    - RxAlamofire
    - RxCocoa
    - RxSwift
    - TableKit
    - UIScrollView-InfiniteScroll
  https://github.com/TouchInstinct/Podspecs.git:
    - SwiftValidator

EXTERNAL SOURCES:
  LeadKit:
    :branch: farmyBranchXcode10
    :git: https://github.com/procommerz/LeadKit

CHECKOUT OPTIONS:
  LeadKit:
    :commit: 3e1f059a7a2b17a9822edb36bd8bb70d927ee523
    :git: https://github.com/procommerz/LeadKit

SPEC CHECKSUMS:
  Alamofire: c7287b6e5d7da964a70935e5db17046b7fde6568
  CocoaLumberjack: 3c8c74683302f9012bb168e1c4b7ae3c0b558431
  IDZSwiftCommonCrypto: 4eef2c46e262dfbcbc1fd76365e066336680ad7d
  InputMask: 8b5c42acac19cd48fe664b739f30995103b75e75
  KeychainAccess: 94c5540b32eabf7bc32bfb976a268e8ea05fd6da
  LeadKit: 55cb5847601ca9b1f2d10739b16e3320d76b8a2e
  ObjectMapper: 92230db59bf8f341a5c3a3cf0b9fbdde3cf0d87f
  RxAlamofire: 6ea579ac53bf14cb4bc7049a3866e5a769989b1d
  RxCocoa: d62846ca96495d862fa4c59ea7d87e5031d7340e
  RxSwift: fd680d75283beb5e2559486f3c0ff852f0d35334
  SwiftValidator: 46cdd2061962df3ee8bab3c536dea9b34191d459
  TableKit: 42d4dff2944f273cdeec2ef6352064eb6a9a355b
  UIScrollView-InfiniteScroll: c132d6d5851daff229ab4a1060ccf70a05a051c9

PODFILE CHECKSUM: fb853e7d9226ce5389bebe88435801879332cce7

COCOAPODS: 1.5.3
